// !$*UTF8*$!
{
	archiveVersion = 1;
	classes = {
	};
	objectVersion = 50;
	objects = {

/* Begin PBXBuildFile section */
		2F8541C323F9DFC200C20450 /* AppDelegate.swift in Sources */ = {isa = PBXBuildFile; fileRef = 2F8541C223F9DFC200C20450 /* AppDelegate.swift */; };
		2F8541C523F9DFC200C20450 /* SceneDelegate.swift in Sources */ = {isa = PBXBuildFile; fileRef = 2F8541C423F9DFC200C20450 /* SceneDelegate.swift */; };
		2F8541C723F9DFC200C20450 /* ViewController.swift in Sources */ = {isa = PBXBuildFile; fileRef = 2F8541C623F9DFC200C20450 /* ViewController.swift */; };
		2F8541CA23F9DFC200C20450 /* Main.storyboard in Resources */ = {isa = PBXBuildFile; fileRef = 2F8541C823F9DFC200C20450 /* Main.storyboard */; };
		2F8541CC23F9DFC400C20450 /* Assets.xcassets in Resources */ = {isa = PBXBuildFile; fileRef = 2F8541CB23F9DFC400C20450 /* Assets.xcassets */; };
		2F8541CF23F9DFC400C20450 /* LaunchScreen.storyboard in Resources */ = {isa = PBXBuildFile; fileRef = 2F8541CD23F9DFC400C20450 /* LaunchScreen.storyboard */; };
		2F8541DA23F9DFC400C20450 /* Remote_ControlTests.swift in Sources */ = {isa = PBXBuildFile; fileRef = 2F8541D923F9DFC400C20450 /* Remote_ControlTests.swift */; };
		2F8541E523F9DFC400C20450 /* Remote_ControlUITests.swift in Sources */ = {isa = PBXBuildFile; fileRef = 2F8541E423F9DFC400C20450 /* Remote_ControlUITests.swift */; };
		2FF43F98240CA82800427491 /* ConfigViewController.swift in Sources */ = {isa = PBXBuildFile; fileRef = 2FF43F97240CA82800427491 /* ConfigViewController.swift */; };
		2FF43F9D240D994F00427491 /* ConfigManage.swift in Sources */ = {isa = PBXBuildFile; fileRef = 2FF43F9C240D994F00427491 /* ConfigManage.swift */; };
		2FF43F9E240F30A600427491 /* ConfigManage.swift in Sources */ = {isa = PBXBuildFile; fileRef = 2FF43F9C240D994F00427491 /* ConfigManage.swift */; };
		2FF43F9F240F30A700427491 /* ConfigManage.swift in Sources */ = {isa = PBXBuildFile; fileRef = 2FF43F9C240D994F00427491 /* ConfigManage.swift */; };
		2FF43FA2240F30CC00427491 /* DVRViewController.swift in Sources */ = {isa = PBXBuildFile; fileRef = 2FF84F5624059025000CCBDB /* DVRViewController.swift */; };
		2FF43FA3240F30CD00427491 /* DVRViewController.swift in Sources */ = {isa = PBXBuildFile; fileRef = 2FF84F5624059025000CCBDB /* DVRViewController.swift */; };
		2FF43FA4240F30F700427491 /* ViewController.swift in Sources */ = {isa = PBXBuildFile; fileRef = 2F8541C623F9DFC200C20450 /* ViewController.swift */; };
		2FF43FA5240F30F700427491 /* ViewController.swift in Sources */ = {isa = PBXBuildFile; fileRef = 2F8541C623F9DFC200C20450 /* ViewController.swift */; };
		2FF84F5724059025000CCBDB /* DVRViewController.swift in Sources */ = {isa = PBXBuildFile; fileRef = 2FF84F5624059025000CCBDB /* DVRViewController.swift */; };
/* End PBXBuildFile section */

/* Begin PBXContainerItemProxy section */
		2F8541D623F9DFC400C20450 /* PBXContainerItemProxy */ = {
			isa = PBXContainerItemProxy;
			containerPortal = 2F8541B723F9DFC200C20450 /* Project object */;
			proxyType = 1;
			remoteGlobalIDString = 2F8541BE23F9DFC200C20450;
			remoteInfo = Remote_Control;
		};
		2F8541E123F9DFC400C20450 /* PBXContainerItemProxy */ = {
			isa = PBXContainerItemProxy;
			containerPortal = 2F8541B723F9DFC200C20450 /* Project object */;
			proxyType = 1;
			remoteGlobalIDString = 2F8541BE23F9DFC200C20450;
			remoteInfo = Remote_Control;
		};
/* End PBXContainerItemProxy section */

/* Begin PBXFileReference section */
		2F8541BF23F9DFC200C20450 /* Remote_Control.app */ = {isa = PBXFileReference; explicitFileType = wrapper.application; includeInIndex = 0; path = Remote_Control.app; sourceTree = BUILT_PRODUCTS_DIR; };
		2F8541C223F9DFC200C20450 /* AppDelegate.swift */ = {isa = PBXFileReference; lastKnownFileType = sourcecode.swift; path = AppDelegate.swift; sourceTree = "<group>"; };
		2F8541C423F9DFC200C20450 /* SceneDelegate.swift */ = {isa = PBXFileReference; lastKnownFileType = sourcecode.swift; path = SceneDelegate.swift; sourceTree = "<group>"; };
		2F8541C623F9DFC200C20450 /* ViewController.swift */ = {isa = PBXFileReference; lastKnownFileType = sourcecode.swift; path = ViewController.swift; sourceTree = "<group>"; };
		2F8541C923F9DFC200C20450 /* Base */ = {isa = PBXFileReference; lastKnownFileType = file.storyboard; name = Base; path = Base.lproj/Main.storyboard; sourceTree = "<group>"; };
		2F8541CB23F9DFC400C20450 /* Assets.xcassets */ = {isa = PBXFileReference; lastKnownFileType = folder.assetcatalog; path = Assets.xcassets; sourceTree = "<group>"; };
		2F8541CE23F9DFC400C20450 /* Base */ = {isa = PBXFileReference; lastKnownFileType = file.storyboard; name = Base; path = Base.lproj/LaunchScreen.storyboard; sourceTree = "<group>"; };
		2F8541D023F9DFC400C20450 /* Info.plist */ = {isa = PBXFileReference; lastKnownFileType = text.plist.xml; path = Info.plist; sourceTree = "<group>"; };
		2F8541D523F9DFC400C20450 /* Remote_ControlTests.xctest */ = {isa = PBXFileReference; explicitFileType = wrapper.cfbundle; includeInIndex = 0; path = Remote_ControlTests.xctest; sourceTree = BUILT_PRODUCTS_DIR; };
		2F8541D923F9DFC400C20450 /* Remote_ControlTests.swift */ = {isa = PBXFileReference; lastKnownFileType = sourcecode.swift; path = Remote_ControlTests.swift; sourceTree = "<group>"; };
		2F8541DB23F9DFC400C20450 /* Info.plist */ = {isa = PBXFileReference; lastKnownFileType = text.plist.xml; path = Info.plist; sourceTree = "<group>"; };
		2F8541E023F9DFC400C20450 /* Remote_ControlUITests.xctest */ = {isa = PBXFileReference; explicitFileType = wrapper.cfbundle; includeInIndex = 0; path = Remote_ControlUITests.xctest; sourceTree = BUILT_PRODUCTS_DIR; };
		2F8541E423F9DFC400C20450 /* Remote_ControlUITests.swift */ = {isa = PBXFileReference; lastKnownFileType = sourcecode.swift; path = Remote_ControlUITests.swift; sourceTree = "<group>"; };
		2F8541E623F9DFC400C20450 /* Info.plist */ = {isa = PBXFileReference; lastKnownFileType = text.plist.xml; path = Info.plist; sourceTree = "<group>"; };
		2FF43F97240CA82800427491 /* ConfigViewController.swift */ = {isa = PBXFileReference; lastKnownFileType = sourcecode.swift; path = ConfigViewController.swift; sourceTree = "<group>"; };
		2FF43F9C240D994F00427491 /* ConfigManage.swift */ = {isa = PBXFileReference; lastKnownFileType = sourcecode.swift; path = ConfigManage.swift; sourceTree = "<group>"; };
		2FF84F5624059025000CCBDB /* DVRViewController.swift */ = {isa = PBXFileReference; lastKnownFileType = sourcecode.swift; path = DVRViewController.swift; sourceTree = "<group>"; };
/* End PBXFileReference section */

/* Begin PBXFrameworksBuildPhase section */
		2F8541BC23F9DFC200C20450 /* Frameworks */ = {
			isa = PBXFrameworksBuildPhase;
			buildActionMask = 2147483647;
			files = (
			);
			runOnlyForDeploymentPostprocessing = 0;
		};
		2F8541D223F9DFC400C20450 /* Frameworks */ = {
			isa = PBXFrameworksBuildPhase;
			buildActionMask = 2147483647;
			files = (
			);
			runOnlyForDeploymentPostprocessing = 0;
		};
		2F8541DD23F9DFC400C20450 /* Frameworks */ = {
			isa = PBXFrameworksBuildPhase;
			buildActionMask = 2147483647;
			files = (
			);
			runOnlyForDeploymentPostprocessing = 0;
		};
/* End PBXFrameworksBuildPhase section */

/* Begin PBXGroup section */
		2F8541B623F9DFC200C20450 = {
			isa = PBXGroup;
			children = (
				2F8541C123F9DFC200C20450 /* Remote_Control */,
				2F8541D823F9DFC400C20450 /* Remote_ControlTests */,
				2F8541E323F9DFC400C20450 /* Remote_ControlUITests */,
				2F8541C023F9DFC200C20450 /* Products */,
			);
			sourceTree = "<group>";
		};
		2F8541C023F9DFC200C20450 /* Products */ = {
			isa = PBXGroup;
			children = (
				2F8541BF23F9DFC200C20450 /* Remote_Control.app */,
				2F8541D523F9DFC400C20450 /* Remote_ControlTests.xctest */,
				2F8541E023F9DFC400C20450 /* Remote_ControlUITests.xctest */,
			);
			name = Products;
			sourceTree = "<group>";
		};
		2F8541C123F9DFC200C20450 /* Remote_Control */ = {
			isa = PBXGroup;
			children = (
				2F8541C223F9DFC200C20450 /* AppDelegate.swift */,
				2F8541C423F9DFC200C20450 /* SceneDelegate.swift */,
				2F8541C623F9DFC200C20450 /* ViewController.swift */,
				2FF43F97240CA82800427491 /* ConfigViewController.swift */,
				2FF43F9C240D994F00427491 /* ConfigManage.swift */,
				2FF84F5624059025000CCBDB /* DVRViewController.swift */,
				2F8541C823F9DFC200C20450 /* Main.storyboard */,
				2F8541CB23F9DFC400C20450 /* Assets.xcassets */,
				2F8541CD23F9DFC400C20450 /* LaunchScreen.storyboard */,
				2F8541D023F9DFC400C20450 /* Info.plist */,
			);
			path = Remote_Control;
			sourceTree = "<group>";
		};
		2F8541D823F9DFC400C20450 /* Remote_ControlTests */ = {
			isa = PBXGroup;
			children = (
				2F8541D923F9DFC400C20450 /* Remote_ControlTests.swift */,
				2F8541DB23F9DFC400C20450 /* Info.plist */,
			);
			path = Remote_ControlTests;
			sourceTree = "<group>";
		};
		2F8541E323F9DFC400C20450 /* Remote_ControlUITests */ = {
			isa = PBXGroup;
			children = (
				2F8541E423F9DFC400C20450 /* Remote_ControlUITests.swift */,
				2F8541E623F9DFC400C20450 /* Info.plist */,
			);
			path = Remote_ControlUITests;
			sourceTree = "<group>";
		};
/* End PBXGroup section */

/* Begin PBXNativeTarget section */
		2F8541BE23F9DFC200C20450 /* Remote_Control */ = {
			isa = PBXNativeTarget;
			buildConfigurationList = 2F8541E923F9DFC400C20450 /* Build configuration list for PBXNativeTarget "Remote_Control" */;
			buildPhases = (
				2F8541BB23F9DFC200C20450 /* Sources */,
				2F8541BC23F9DFC200C20450 /* Frameworks */,
				2F8541BD23F9DFC200C20450 /* Resources */,
			);
			buildRules = (
			);
			dependencies = (
			);
			name = Remote_Control;
			productName = Remote_Control;
			productReference = 2F8541BF23F9DFC200C20450 /* Remote_Control.app */;
			productType = "com.apple.product-type.application";
		};
		2F8541D423F9DFC400C20450 /* Remote_ControlTests */ = {
			isa = PBXNativeTarget;
			buildConfigurationList = 2F8541EC23F9DFC400C20450 /* Build configuration list for PBXNativeTarget "Remote_ControlTests" */;
			buildPhases = (
				2F8541D123F9DFC400C20450 /* Sources */,
				2F8541D223F9DFC400C20450 /* Frameworks */,
				2F8541D323F9DFC400C20450 /* Resources */,
			);
			buildRules = (
			);
			dependencies = (
				2F8541D723F9DFC400C20450 /* PBXTargetDependency */,
			);
			name = Remote_ControlTests;
			productName = Remote_ControlTests;
			productReference = 2F8541D523F9DFC400C20450 /* Remote_ControlTests.xctest */;
			productType = "com.apple.product-type.bundle.unit-test";
		};
		2F8541DF23F9DFC400C20450 /* Remote_ControlUITests */ = {
			isa = PBXNativeTarget;
			buildConfigurationList = 2F8541EF23F9DFC400C20450 /* Build configuration list for PBXNativeTarget "Remote_ControlUITests" */;
			buildPhases = (
				2F8541DC23F9DFC400C20450 /* Sources */,
				2F8541DD23F9DFC400C20450 /* Frameworks */,
				2F8541DE23F9DFC400C20450 /* Resources */,
			);
			buildRules = (
			);
			dependencies = (
				2F8541E223F9DFC400C20450 /* PBXTargetDependency */,
			);
			name = Remote_ControlUITests;
			productName = Remote_ControlUITests;
			productReference = 2F8541E023F9DFC400C20450 /* Remote_ControlUITests.xctest */;
			productType = "com.apple.product-type.bundle.ui-testing";
		};
/* End PBXNativeTarget section */

/* Begin PBXProject section */
		2F8541B723F9DFC200C20450 /* Project object */ = {
			isa = PBXProject;
			attributes = {
				LastSwiftUpdateCheck = 1130;
				LastUpgradeCheck = 1130;
				ORGANIZATIONNAME = "Keven Zarate";
				TargetAttributes = {
					2F8541BE23F9DFC200C20450 = {
						CreatedOnToolsVersion = 11.3.1;
					};
					2F8541D423F9DFC400C20450 = {
						CreatedOnToolsVersion = 11.3.1;
						TestTargetID = 2F8541BE23F9DFC200C20450;
					};
					2F8541DF23F9DFC400C20450 = {
						CreatedOnToolsVersion = 11.3.1;
						TestTargetID = 2F8541BE23F9DFC200C20450;
					};
				};
			};
			buildConfigurationList = 2F8541BA23F9DFC200C20450 /* Build configuration list for PBXProject "Remote_Control" */;
			compatibilityVersion = "Xcode 9.3";
			developmentRegion = en;
			hasScannedForEncodings = 0;
			knownRegions = (
				en,
				Base,
			);
			mainGroup = 2F8541B623F9DFC200C20450;
			productRefGroup = 2F8541C023F9DFC200C20450 /* Products */;
			projectDirPath = "";
			projectRoot = "";
			targets = (
				2F8541BE23F9DFC200C20450 /* Remote_Control */,
				2F8541D423F9DFC400C20450 /* Remote_ControlTests */,
				2F8541DF23F9DFC400C20450 /* Remote_ControlUITests */,
			);
		};
/* End PBXProject section */

/* Begin PBXResourcesBuildPhase section */
		2F8541BD23F9DFC200C20450 /* Resources */ = {
			isa = PBXResourcesBuildPhase;
			buildActionMask = 2147483647;
			files = (
				2F8541CF23F9DFC400C20450 /* LaunchScreen.storyboard in Resources */,
				2F8541CC23F9DFC400C20450 /* Assets.xcassets in Resources */,
				2F8541CA23F9DFC200C20450 /* Main.storyboard in Resources */,
			);
			runOnlyForDeploymentPostprocessing = 0;
		};
		2F8541D323F9DFC400C20450 /* Resources */ = {
			isa = PBXResourcesBuildPhase;
			buildActionMask = 2147483647;
			files = (
			);
			runOnlyForDeploymentPostprocessing = 0;
		};
		2F8541DE23F9DFC400C20450 /* Resources */ = {
			isa = PBXResourcesBuildPhase;
			buildActionMask = 2147483647;
			files = (
			);
			runOnlyForDeploymentPostprocessing = 0;
		};
/* End PBXResourcesBuildPhase section */

/* Begin PBXSourcesBuildPhase section */
		2F8541BB23F9DFC200C20450 /* Sources */ = {
			isa = PBXSourcesBuildPhase;
			buildActionMask = 2147483647;
			files = (
				2F8541C723F9DFC200C20450 /* ViewController.swift in Sources */,
				2FF84F5724059025000CCBDB /* DVRViewController.swift in Sources */,
				2FF43F9D240D994F00427491 /* ConfigManage.swift in Sources */,
				2F8541C323F9DFC200C20450 /* AppDelegate.swift in Sources */,
				2FF43F98240CA82800427491 /* ConfigViewController.swift in Sources */,
				2F8541C523F9DFC200C20450 /* SceneDelegate.swift in Sources */,
			);
			runOnlyForDeploymentPostprocessing = 0;
		};
		2F8541D123F9DFC400C20450 /* Sources */ = {
			isa = PBXSourcesBuildPhase;
			buildActionMask = 2147483647;
			files = (
				2FF43FA4240F30F700427491 /* ViewController.swift in Sources */,
				2FF43F9E240F30A600427491 /* ConfigManage.swift in Sources */,
				2FF43FA2240F30CC00427491 /* DVRViewController.swift in Sources */,
				2F8541DA23F9DFC400C20450 /* Remote_ControlTests.swift in Sources */,
			);
			runOnlyForDeploymentPostprocessing = 0;
		};
		2F8541DC23F9DFC400C20450 /* Sources */ = {
			isa = PBXSourcesBuildPhase;
			buildActionMask = 2147483647;
			files = (
				2FF43FA5240F30F700427491 /* ViewController.swift in Sources */,
				2FF43F9F240F30A700427491 /* ConfigManage.swift in Sources */,
				2FF43FA3240F30CD00427491 /* DVRViewController.swift in Sources */,
				2F8541E523F9DFC400C20450 /* Remote_ControlUITests.swift in Sources */,
			);
			runOnlyForDeploymentPostprocessing = 0;
		};
/* End PBXSourcesBuildPhase section */

/* Begin PBXTargetDependency section */
		2F8541D723F9DFC400C20450 /* PBXTargetDependency */ = {
			isa = PBXTargetDependency;
			target = 2F8541BE23F9DFC200C20450 /* Remote_Control */;
			targetProxy = 2F8541D623F9DFC400C20450 /* PBXContainerItemProxy */;
		};
		2F8541E223F9DFC400C20450 /* PBXTargetDependency */ = {
			isa = PBXTargetDependency;
			target = 2F8541BE23F9DFC200C20450 /* Remote_Control */;
			targetProxy = 2F8541E123F9DFC400C20450 /* PBXContainerItemProxy */;
		};
/* End PBXTargetDependency section */

/* Begin PBXVariantGroup section */
		2F8541C823F9DFC200C20450 /* Main.storyboard */ = {
			isa = PBXVariantGroup;
			children = (
				2F8541C923F9DFC200C20450 /* Base */,
			);
			name = Main.storyboard;
			sourceTree = "<group>";
		};
		2F8541CD23F9DFC400C20450 /* LaunchScreen.storyboard */ = {
			isa = PBXVariantGroup;
			children = (
				2F8541CE23F9DFC400C20450 /* Base */,
			);
			name = LaunchScreen.storyboard;
			sourceTree = "<group>";
		};
/* End PBXVariantGroup section */

/* Begin XCBuildConfiguration section */
		2F8541E723F9DFC400C20450 /* Debug */ = {
			isa = XCBuildConfiguration;
			buildSettings = {
				ALWAYS_SEARCH_USER_PATHS = NO;
				CLANG_ANALYZER_NONNULL = YES;
				CLANG_ANALYZER_NUMBER_OBJECT_CONVERSION = YES_AGGRESSIVE;
				CLANG_CXX_LANGUAGE_STANDARD = "gnu++14";
				CLANG_CXX_LIBRARY = "libc++";
				CLANG_ENABLE_MODULES = YES;
				CLANG_ENABLE_OBJC_ARC = YES;
				CLANG_ENABLE_OBJC_WEAK = YES;
				CLANG_WARN_BLOCK_CAPTURE_AUTORELEASING = YES;
				CLANG_WARN_BOOL_CONVERSION = YES;
				CLANG_WARN_COMMA = YES;
				CLANG_WARN_CONSTANT_CONVERSION = YES;
				CLANG_WARN_DEPRECATED_OBJC_IMPLEMENTATIONS = YES;
				CLANG_WARN_DIRECT_OBJC_ISA_USAGE = YES_ERROR;
				CLANG_WARN_DOCUMENTATION_COMMENTS = YES;
				CLANG_WARN_EMPTY_BODY = YES;
				CLANG_WARN_ENUM_CONVERSION = YES;
				CLANG_WARN_INFINITE_RECURSION = YES;
				CLANG_WARN_INT_CONVERSION = YES;
				CLANG_WARN_NON_LITERAL_NULL_CONVERSION = YES;
				CLANG_WARN_OBJC_IMPLICIT_RETAIN_SELF = YES;
				CLANG_WARN_OBJC_LITERAL_CONVERSION = YES;
				CLANG_WARN_OBJC_ROOT_CLASS = YES_ERROR;
				CLANG_WARN_RANGE_LOOP_ANALYSIS = YES;
				CLANG_WARN_STRICT_PROTOTYPES = YES;
				CLANG_WARN_SUSPICIOUS_MOVE = YES;
				CLANG_WARN_UNGUARDED_AVAILABILITY = YES_AGGRESSIVE;
				CLANG_WARN_UNREACHABLE_CODE = YES;
				CLANG_WARN__DUPLICATE_METHOD_MATCH = YES;
				COPY_PHASE_STRIP = NO;
				DEBUG_INFORMATION_FORMAT = dwarf;
				ENABLE_STRICT_OBJC_MSGSEND = YES;
				ENABLE_TESTABILITY = YES;
				GCC_C_LANGUAGE_STANDARD = gnu11;
				GCC_DYNAMIC_NO_PIC = NO;
				GCC_NO_COMMON_BLOCKS = YES;
				GCC_OPTIMIZATION_LEVEL = 0;
				GCC_PREPROCESSOR_DEFINITIONS = (
					"DEBUG=1",
					"$(inherited)",
				);
				GCC_WARN_64_TO_32_BIT_CONVERSION = YES;
				GCC_WARN_ABOUT_RETURN_TYPE = YES_ERROR;
				GCC_WARN_UNDECLARED_SELECTOR = YES;
				GCC_WARN_UNINITIALIZED_AUTOS = YES_AGGRESSIVE;
				GCC_WARN_UNUSED_FUNCTION = YES;
				GCC_WARN_UNUSED_VARIABLE = YES;
				IPHONEOS_DEPLOYMENT_TARGET = 13.2;
				MTL_ENABLE_DEBUG_INFO = INCLUDE_SOURCE;
				MTL_FAST_MATH = YES;
				ONLY_ACTIVE_ARCH = YES;
				SDKROOT = iphoneos;
				SWIFT_ACTIVE_COMPILATION_CONDITIONS = DEBUG;
				SWIFT_OPTIMIZATION_LEVEL = "-Onone";
			};
			name = Debug;
		};
		2F8541E823F9DFC400C20450 /* Release */ = {
			isa = XCBuildConfiguration;
			buildSettings = {
				ALWAYS_SEARCH_USER_PATHS = NO;
				CLANG_ANALYZER_NONNULL = YES;
				CLANG_ANALYZER_NUMBER_OBJECT_CONVERSION = YES_AGGRESSIVE;
				CLANG_CXX_LANGUAGE_STANDARD = "gnu++14";
				CLANG_CXX_LIBRARY = "libc++";
				CLANG_ENABLE_MODULES = YES;
				CLANG_ENABLE_OBJC_ARC = YES;
				CLANG_ENABLE_OBJC_WEAK = YES;
				CLANG_WARN_BLOCK_CAPTURE_AUTORELEASING = YES;
				CLANG_WARN_BOOL_CONVERSION = YES;
				CLANG_WARN_COMMA = YES;
				CLANG_WARN_CONSTANT_CONVERSION = YES;
				CLANG_WARN_DEPRECATED_OBJC_IMPLEMENTATIONS = YES;
				CLANG_WARN_DIRECT_OBJC_ISA_USAGE = YES_ERROR;
				CLANG_WARN_DOCUMENTATION_COMMENTS = YES;
				CLANG_WARN_EMPTY_BODY = YES;
				CLANG_WARN_ENUM_CONVERSION = YES;
				CLANG_WARN_INFINITE_RECURSION = YES;
				CLANG_WARN_INT_CONVERSION = YES;
				CLANG_WARN_NON_LITERAL_NULL_CONVERSION = YES;
				CLANG_WARN_OBJC_IMPLICIT_RETAIN_SELF = YES;
				CLANG_WARN_OBJC_LITERAL_CONVERSION = YES;
				CLANG_WARN_OBJC_ROOT_CLASS = YES_ERROR;
				CLANG_WARN_RANGE_LOOP_ANALYSIS = YES;
				CLANG_WARN_STRICT_PROTOTYPES = YES;
				CLANG_WARN_SUSPICIOUS_MOVE = YES;
				CLANG_WARN_UNGUARDED_AVAILABILITY = YES_AGGRESSIVE;
				CLANG_WARN_UNREACHABLE_CODE = YES;
				CLANG_WARN__DUPLICATE_METHOD_MATCH = YES;
				COPY_PHASE_STRIP = NO;
				DEBUG_INFORMATION_FORMAT = "dwarf-with-dsym";
				ENABLE_NS_ASSERTIONS = NO;
				ENABLE_STRICT_OBJC_MSGSEND = YES;
				GCC_C_LANGUAGE_STANDARD = gnu11;
				GCC_NO_COMMON_BLOCKS = YES;
				GCC_WARN_64_TO_32_BIT_CONVERSION = YES;
				GCC_WARN_ABOUT_RETURN_TYPE = YES_ERROR;
				GCC_WARN_UNDECLARED_SELECTOR = YES;
				GCC_WARN_UNINITIALIZED_AUTOS = YES_AGGRESSIVE;
				GCC_WARN_UNUSED_FUNCTION = YES;
				GCC_WARN_UNUSED_VARIABLE = YES;
				IPHONEOS_DEPLOYMENT_TARGET = 13.2;
				MTL_ENABLE_DEBUG_INFO = NO;
				MTL_FAST_MATH = YES;
				SDKROOT = iphoneos;
				SWIFT_COMPILATION_MODE = wholemodule;
				SWIFT_OPTIMIZATION_LEVEL = "-O";
				VALIDATE_PRODUCT = YES;
			};
			name = Release;
		};
		2F8541EA23F9DFC400C20450 /* Debug */ = {
			isa = XCBuildConfiguration;
			buildSettings = {
				ASSETCATALOG_COMPILER_APPICON_NAME = AppIcon;
				CODE_SIGN_STYLE = Automatic;
				INFOPLIST_FILE = Remote_Control/Info.plist;
				LD_RUNPATH_SEARCH_PATHS = (
					"$(inherited)",
					"@executable_path/Frameworks",
				);
				PRODUCT_BUNDLE_IDENTIFIER = "csc471.Remote-Control";
				PRODUCT_NAME = "$(TARGET_NAME)";
				SWIFT_VERSION = 5.0;
				TARGETED_DEVICE_FAMILY = "1,2";
			};
			name = Debug;
		};
		2F8541EB23F9DFC400C20450 /* Release */ = {
			isa = XCBuildConfiguration;
			buildSettings = {
				ASSETCATALOG_COMPILER_APPICON_NAME = AppIcon;
				CODE_SIGN_STYLE = Automatic;
				INFOPLIST_FILE = Remote_Control/Info.plist;
				LD_RUNPATH_SEARCH_PATHS = (
					"$(inherited)",
					"@executable_path/Frameworks",
				);
				PRODUCT_BUNDLE_IDENTIFIER = "csc471.Remote-Control";
				PRODUCT_NAME = "$(TARGET_NAME)";
				SWIFT_VERSION = 5.0;
				TARGETED_DEVICE_FAMILY = "1,2";
			};
			name = Release;
		};
		2F8541ED23F9DFC400C20450 /* Debug */ = {
			isa = XCBuildConfiguration;
			buildSettings = {
				ALWAYS_EMBED_SWIFT_STANDARD_LIBRARIES = YES;
				BUNDLE_LOADER = "$(TEST_HOST)";
				CODE_SIGN_STYLE = Automatic;
				INFOPLIST_FILE = Remote_ControlTests/Info.plist;
				IPHONEOS_DEPLOYMENT_TARGET = 13.2;
				LD_RUNPATH_SEARCH_PATHS = (
					"$(inherited)",
					"@executable_path/Frameworks",
					"@loader_path/Frameworks",
				);
				PRODUCT_BUNDLE_IDENTIFIER = "csc471.Remote-ControlTests";
				PRODUCT_NAME = "$(TARGET_NAME)";
				SWIFT_VERSION = 5.0;
				TARGETED_DEVICE_FAMILY = "1,2";
				TEST_HOST = "$(BUILT_PRODUCTS_DIR)/Remote_Control.app/Remote_Control";
			};
			name = Debug;
		};
		2F8541EE23F9DFC400C20450 /* Release */ = {
			isa = XCBuildConfiguration;
			buildSettings = {
				ALWAYS_EMBED_SWIFT_STANDARD_LIBRARIES = YES;
				BUNDLE_LOADER = "$(TEST_HOST)";
				CODE_SIGN_STYLE = Automatic;
				INFOPLIST_FILE = Remote_ControlTests/Info.plist;
				IPHONEOS_DEPLOYMENT_TARGET = 13.2;
				LD_RUNPATH_SEARCH_PATHS = (
					"$(inherited)",
					"@executable_path/Frameworks",
					"@loader_path/Frameworks",
				);
				PRODUCT_BUNDLE_IDENTIFIER = "csc471.Remote-ControlTests";
				PRODUCT_NAME = "$(TARGET_NAME)";
				SWIFT_VERSION = 5.0;
				TARGETED_DEVICE_FAMILY = "1,2";
				TEST_HOST = "$(BUILT_PRODUCTS_DIR)/Remote_Control.app/Remote_Control";
			};
			name = Release;
		};
		2F8541F023F9DFC400C20450 /* Debug */ = {
			isa = XCBuildConfiguration;
			buildSettings = {
				ALWAYS_EMBED_SWIFT_STANDARD_LIBRARIES = YES;
				CODE_SIGN_STYLE = Automatic;
				INFOPLIST_FILE = Remote_ControlUITests/Info.plist;
				LD_RUNPATH_SEARCH_PATHS = (
					"$(inherited)",
					"@executable_path/Frameworks",
					"@loader_path/Frameworks",
				);
				PRODUCT_BUNDLE_IDENTIFIER = "csc471.Remote-ControlUITests";
				PRODUCT_NAME = "$(TARGET_NAME)";
				SWIFT_VERSION = 5.0;
				TARGETED_DEVICE_FAMILY = "1,2";
				TEST_TARGET_NAME = Remote_Control;
			};
			name = Debug;
		};
		2F8541F123F9DFC400C20450 /* Release */ = {
			isa = XCBuildConfiguration;
			buildSettings = {
				ALWAYS_EMBED_SWIFT_STANDARD_LIBRARIES = YES;
				CODE_SIGN_STYLE = Automatic;
				INFOPLIST_FILE = Remote_ControlUITests/Info.plist;
				LD_RUNPATH_SEARCH_PATHS = (
					"$(inherited)",
					"@executable_path/Frameworks",
					"@loader_path/Frameworks",
				);
				PRODUCT_BUNDLE_IDENTIFIER = "csc471.Remote-ControlUITests";
				PRODUCT_NAME = "$(TARGET_NAME)";
				SWIFT_VERSION = 5.0;
				TARGETED_DEVICE_FAMILY = "1,2";
				TEST_TARGET_NAME = Remote_Control;
			};
			name = Release;
		};
/* End XCBuildConfiguration section */

/* Begin XCConfigurationList section */
		2F8541BA23F9DFC200C20450 /* Build configuration list for PBXProject "Remote_Control" */ = {
			isa = XCConfigurationList;
			buildConfigurations = (
				2F8541E723F9DFC400C20450 /* Debug */,
				2F8541E823F9DFC400C20450 /* Release */,
			);
			defaultConfigurationIsVisible = 0;
			defaultConfigurationName = Release;
		};
		2F8541E923F9DFC400C20450 /* Build configuration list for PBXNativeTarget "Remote_Control" */ = {
			isa = XCConfigurationList;
			buildConfigurations = (
				2F8541EA23F9DFC400C20450 /* Debug */,
				2F8541EB23F9DFC400C20450 /* Release */,
			);
			defaultConfigurationIsVisible = 0;
			defaultConfigurationName = Release;
		};
		2F8541EC23F9DFC400C20450 /* Build configuration list for PBXNativeTarget "Remote_ControlTests" */ = {
			isa = XCConfigurationList;
			buildConfigurations = (
				2F8541ED23F9DFC400C20450 /* Debug */,
				2F8541EE23F9DFC400C20450 /* Release */,
			);
			defaultConfigurationIsVisible = 0;
			defaultConfigurationName = Release;
		};
		2F8541EF23F9DFC400C20450 /* Build configuration list for PBXNativeTarget "Remote_ControlUITests" */ = {
			isa = XCConfigurationList;
			buildConfigurations = (
				2F8541F023F9DFC400C20450 /* Debug */,
				2F8541F123F9DFC400C20450 /* Release */,
			);
			defaultConfigurationIsVisible = 0;
			defaultConfigurationName = Release;
		};
/* End XCConfigurationList section */
	};
	rootObject = 2F8541B723F9DFC200C20450 /* Project object */;
}
